
Microsoft Visual Studio Solution File, Format Version 12.00
# Visual Studio 15
VisualStudioVersion = 15.0.28010.2003
MinimumVisualStudioVersion = 10.0.40219.1
Project("{FAE04EC0-301F-11D3-BF4B-00C04F79EFBC}") = "Presentation", "GlobalMarket\Presentation.csproj", "{42FEAC5D-E977-4C8A-865B-5CED526CDD90}"
EndProject
Project("{FAE04EC0-301F-11D3-BF4B-00C04F79EFBC}") = "Business", "Business\Business.csproj", "{9C953D55-5058-4200-BA21-E01FC5CF2B7D}"
EndProject
Project("{FAE04EC0-301F-11D3-BF4B-00C04F79EFBC}") = "DataAccess", "DataAccess\DataAccess.csproj", "{331D7095-6891-4A63-B0E2-88FAAD6C3624}"
EndProject
Project("{FAE04EC0-301F-11D3-BF4B-00C04F79EFBC}") = "Shared", "Shared\Shared.csproj", "{A677A8E9-1210-4102-BB48-A9238D76D016}"
EndProject
Project("{FAE04EC0-301F-11D3-BF4B-00C04F79EFBC}") = "Entities", "Entities\Entities.csproj", "{A1596489-7BFD-448E-9BBB-1AD06A8B3520}"
EndProject
Global
	GlobalSection(SolutionConfigurationPlatforms) = preSolution
		Debug|Any CPU = Debug|Any CPU
		Release|Any CPU = Release|Any CPU
	EndGlobalSection
	GlobalSection(ProjectConfigurationPlatforms) = postSolution
		{42FEAC5D-E977-4C8A-865B-5CED526CDD90}.Debug|Any CPU.ActiveCfg = Debug|Any CPU
		{42FEAC5D-E977-4C8A-865B-5CED526CDD90}.Debug|Any CPU.Build.0 = Debug|Any CPU
		{42FEAC5D-E977-4C8A-865B-5CED526CDD90}.Release|Any CPU.ActiveCfg = Release|Any CPU
		{42FEAC5D-E977-4C8A-865B-5CED526CDD90}.Release|Any CPU.Build.0 = Release|Any CPU
		{9C953D55-5058-4200-BA21-E01FC5CF2B7D}.Debug|Any CPU.ActiveCfg = Debug|Any CPU
		{9C953D55-5058-4200-BA21-E01FC5CF2B7D}.Debug|Any CPU.Build.0 = Debug|Any CPU
		{9C953D55-5058-4200-BA21-E01FC5CF2B7D}.Release|Any CPU.ActiveCfg = Release|Any CPU
		{9C953D55-5058-4200-BA21-E01FC5CF2B7D}.Release|Any CPU.Build.0 = Release|Any CPU
		{331D7095-6891-4A63-B0E2-88FAAD6C3624}.Debug|Any CPU.ActiveCfg = Debug|Any CPU
		{331D7095-6891-4A63-B0E2-88FAAD6C3624}.Debug|Any CPU.Build.0 = Debug|Any CPU
		{331D7095-6891-4A63-B0E2-88FAAD6C3624}.Release|Any CPU.ActiveCfg = Release|Any CPU
		{331D7095-6891-4A63-B0E2-88FAAD6C3624}.Release|Any CPU.Build.0 = Release|Any CPU
		{A677A8E9-1210-4102-BB48-A9238D76D016}.Debug|Any CPU.ActiveCfg = Debug|Any CPU
		{A677A8E9-1210-4102-BB48-A9238D76D016}.Debug|Any CPU.Build.0 = Debug|Any CPU
		{A677A8E9-1210-4102-BB48-A9238D76D016}.Release|Any CPU.ActiveCfg = Release|Any CPU
		{A677A8E9-1210-4102-BB48-A9238D76D016}.Release|Any CPU.Build.0 = Release|Any CPU
		{A1596489-7BFD-448E-9BBB-1AD06A8B3520}.Debug|Any CPU.ActiveCfg = Debug|Any CPU
		{A1596489-7BFD-448E-9BBB-1AD06A8B3520}.Debug|Any CPU.Build.0 = Debug|Any CPU
		{A1596489-7BFD-448E-9BBB-1AD06A8B3520}.Release|Any CPU.ActiveCfg = Release|Any CPU
		{A1596489-7BFD-448E-9BBB-1AD06A8B3520}.Release|Any CPU.Build.0 = Release|Any CPU
	EndGlobalSection
	GlobalSection(SolutionProperties) = preSolution
		HideSolutionNode = FALSE
	EndGlobalSection
	GlobalSection(ExtensibilityGlobals) = postSolution
		SolutionGuid = {919AAF19-8841-453A-B901-4D3EF4B2F451}
	EndGlobalSection
EndGlobal
